
Microsoft Visual Studio Solution File, Format Version 12.00
# Visual Studio 15
VisualStudioVersion = 15.0.27130.2036
MinimumVisualStudioVersion = 10.0.40219.1
Project("{FAE04EC0-301F-11D3-BF4B-00C04F79EFBC}") = "RFIDServer", "RFIDServer\RFIDServer.csproj", "{2373CB0B-5564-4FC0-953C-ACE9CF406EDF}"
EndProject
Global
	GlobalSection(SolutionConfigurationPlatforms) = preSolution
		Debug|Any CPU = Debug|Any CPU
		Release|Any CPU = Release|Any CPU
	EndGlobalSection
	GlobalSection(ProjectConfigurationPlatforms) = postSolution
		{2373CB0B-5564-4FC0-953C-ACE9CF406EDF}.Debug|Any CPU.ActiveCfg = Debug|Any CPU
		{2373CB0B-5564-4FC0-953C-ACE9CF406EDF}.Debug|Any CPU.Build.0 = Debug|Any CPU
		{2373CB0B-5564-4FC0-953C-ACE9CF406EDF}.Release|Any CPU.ActiveCfg = Release|Any CPU
		{2373CB0B-5564-4FC0-953C-ACE9CF406EDF}.Release|Any CPU.Build.0 = Release|Any CPU
	EndGlobalSection
	GlobalSection(SolutionProperties) = preSolution
		HideSolutionNode = FALSE
	EndGlobalSection
	GlobalSection(ExtensibilityGlobals) = postSolution
		SolutionGuid = {4413F27A-A7B0-4030-86FE-92908B9D9511}
	EndGlobalSection
EndGlobal
